
Microsoft Visual Studio Solution File, Format Version 12.00
# Visual Studio Version 17
VisualStudioVersion = 17.9.34728.123
MinimumVisualStudioVersion = 10.0.40219.1
Project("{9A19103F-16F7-4668-BE54-9A1E7A4F7556}") = "WebApi", "WebApi\WebApi.csproj", "{AEC854A9-E8F5-4022-8C30-251FB6A6E877}"
EndProject
Project("{FAE04EC0-301F-11D3-BF4B-00C04F79EFBC}") = "Core", "Core\Core.csproj", "{09609344-AE99-404A-B990-E2C5598EB085}"
EndProject
Project("{FAE04EC0-301F-11D3-BF4B-00C04F79EFBC}") = "Infrastructure", "Infrastructure\Infrastructure.csproj", "{348C1561-2CA6-426F-94EC-8954F1DD1A76}"
EndProject
Project("{FAE04EC0-301F-11D3-BF4B-00C04F79EFBC}") = "IntegrationTest", "IntegrationTest\IntegrationTest.csproj", "{68D85534-2170-4A98-B1B7-EAB24754E643}"
EndProject
Global
	GlobalSection(SolutionConfigurationPlatforms) = preSolution
		Debug|Any CPU = Debug|Any CPU
		Release|Any CPU = Release|Any CPU
	EndGlobalSection
	GlobalSection(ProjectConfigurationPlatforms) = postSolution
		{AEC854A9-E8F5-4022-8C30-251FB6A6E877}.Debug|Any CPU.ActiveCfg = Debug|Any CPU
		{AEC854A9-E8F5-4022-8C30-251FB6A6E877}.Debug|Any CPU.Build.0 = Debug|Any CPU
		{AEC854A9-E8F5-4022-8C30-251FB6A6E877}.Release|Any CPU.ActiveCfg = Release|Any CPU
		{AEC854A9-E8F5-4022-8C30-251FB6A6E877}.Release|Any CPU.Build.0 = Release|Any CPU
		{09609344-AE99-404A-B990-E2C5598EB085}.Debug|Any CPU.ActiveCfg = Debug|Any CPU
		{09609344-AE99-404A-B990-E2C5598EB085}.Debug|Any CPU.Build.0 = Debug|Any CPU
		{09609344-AE99-404A-B990-E2C5598EB085}.Release|Any CPU.ActiveCfg = Release|Any CPU
		{09609344-AE99-404A-B990-E2C5598EB085}.Release|Any CPU.Build.0 = Release|Any CPU
		{348C1561-2CA6-426F-94EC-8954F1DD1A76}.Debug|Any CPU.ActiveCfg = Debug|Any CPU
		{348C1561-2CA6-426F-94EC-8954F1DD1A76}.Debug|Any CPU.Build.0 = Debug|Any CPU
		{348C1561-2CA6-426F-94EC-8954F1DD1A76}.Release|Any CPU.ActiveCfg = Release|Any CPU
		{348C1561-2CA6-426F-94EC-8954F1DD1A76}.Release|Any CPU.Build.0 = Release|Any CPU
		{68D85534-2170-4A98-B1B7-EAB24754E643}.Debug|Any CPU.ActiveCfg = Debug|Any CPU
		{68D85534-2170-4A98-B1B7-EAB24754E643}.Debug|Any CPU.Build.0 = Debug|Any CPU
		{68D85534-2170-4A98-B1B7-EAB24754E643}.Release|Any CPU.ActiveCfg = Release|Any CPU
		{68D85534-2170-4A98-B1B7-EAB24754E643}.Release|Any CPU.Build.0 = Release|Any CPU
	EndGlobalSection
	GlobalSection(SolutionProperties) = preSolution
		HideSolutionNode = FALSE
	EndGlobalSection
	GlobalSection(ExtensibilityGlobals) = postSolution
		SolutionGuid = {831E6418-53B0-4C03-A3F4-76286CC59E33}
	EndGlobalSection
EndGlobal
